
Microsoft Visual Studio Solution File, Format Version 12.00
# Visual Studio Version 16
VisualStudioVersion = 16.0.30804.86
MinimumVisualStudioVersion = 10.0.40219.1
Project("{FAE04EC0-301F-11D3-BF4B-00C04F79EFBC}") = "AbstractCarRepairShopView", "AbstractCarRepairShopViev\AbstractCarRepairShopView.csproj", "{73C9ADED-0960-4E01-80B4-5EC6ED5BE83E}"
EndProject
Project("{FAE04EC0-301F-11D3-BF4B-00C04F79EFBC}") = "AbstractCarRepairShopBisinessLogic", "AbstractCarRepairShopBisinessLogic\AbstractCarRepairShopBisinessLogic.csproj", "{9DFE8CDE-7C2A-42A1-9CCC-E85932052182}"
EndProject
Project("{FAE04EC0-301F-11D3-BF4B-00C04F79EFBC}") = "AbstractCarRepairShopListImplement", "AbstractCarRepairShopListImplement\AbstractCarRepairShopListImplement.csproj", "{F79134E1-2002-4251-8B6B-E68B9A5A9DF7}"
EndProject
Global
	GlobalSection(SolutionConfigurationPlatforms) = preSolution
		Debug|Any CPU = Debug|Any CPU
		Release|Any CPU = Release|Any CPU
	EndGlobalSection
	GlobalSection(ProjectConfigurationPlatforms) = postSolution
		{73C9ADED-0960-4E01-80B4-5EC6ED5BE83E}.Debug|Any CPU.ActiveCfg = Debug|Any CPU
		{73C9ADED-0960-4E01-80B4-5EC6ED5BE83E}.Debug|Any CPU.Build.0 = Debug|Any CPU
		{73C9ADED-0960-4E01-80B4-5EC6ED5BE83E}.Release|Any CPU.ActiveCfg = Release|Any CPU
		{73C9ADED-0960-4E01-80B4-5EC6ED5BE83E}.Release|Any CPU.Build.0 = Release|Any CPU
		{9DFE8CDE-7C2A-42A1-9CCC-E85932052182}.Debug|Any CPU.ActiveCfg = Debug|Any CPU
		{9DFE8CDE-7C2A-42A1-9CCC-E85932052182}.Debug|Any CPU.Build.0 = Debug|Any CPU
		{9DFE8CDE-7C2A-42A1-9CCC-E85932052182}.Release|Any CPU.ActiveCfg = Release|Any CPU
		{9DFE8CDE-7C2A-42A1-9CCC-E85932052182}.Release|Any CPU.Build.0 = Release|Any CPU
		{F79134E1-2002-4251-8B6B-E68B9A5A9DF7}.Debug|Any CPU.ActiveCfg = Debug|Any CPU
		{F79134E1-2002-4251-8B6B-E68B9A5A9DF7}.Debug|Any CPU.Build.0 = Debug|Any CPU
		{F79134E1-2002-4251-8B6B-E68B9A5A9DF7}.Release|Any CPU.ActiveCfg = Release|Any CPU
		{F79134E1-2002-4251-8B6B-E68B9A5A9DF7}.Release|Any CPU.Build.0 = Release|Any CPU
	EndGlobalSection
	GlobalSection(SolutionProperties) = preSolution
		HideSolutionNode = FALSE
	EndGlobalSection
	GlobalSection(ExtensibilityGlobals) = postSolution
		SolutionGuid = {C31A2DA9-8A81-4510-B53C-E499E776A440}
	EndGlobalSection
EndGlobal
